
Microsoft Visual Studio Solution File, Format Version 12.00
# Visual Studio 14
VisualStudioVersion = 14.0.24720.0
MinimumVisualStudioVersion = 10.0.40219.1
Project("{FAE04EC0-301F-11D3-BF4B-00C04F79EFBC}") = "Main", "Domain\Main.csproj", "{FA3D30AE-D4F1-443F-9A4E-3697EB2DB710}"
EndProject
Project("{FAE04EC0-301F-11D3-BF4B-00C04F79EFBC}") = "Persons", "Persons\Persons.csproj", "{D6E256AB-A408-4B14-9A32-CE52DF2F9C3A}"
EndProject
Project("{FAE04EC0-301F-11D3-BF4B-00C04F79EFBC}") = "Brokers", "Broker\Brokers.csproj", "{F28B6038-B6F3-42F3-9FE3-8D40D645B791}"
EndProject
Global
	GlobalSection(SolutionConfigurationPlatforms) = preSolution
		Debug|Any CPU = Debug|Any CPU
		Release|Any CPU = Release|Any CPU
	EndGlobalSection
	GlobalSection(ProjectConfigurationPlatforms) = postSolution
		{FA3D30AE-D4F1-443F-9A4E-3697EB2DB710}.Debug|Any CPU.ActiveCfg = Debug|Any CPU
		{FA3D30AE-D4F1-443F-9A4E-3697EB2DB710}.Debug|Any CPU.Build.0 = Debug|Any CPU
		{FA3D30AE-D4F1-443F-9A4E-3697EB2DB710}.Release|Any CPU.ActiveCfg = Release|Any CPU
		{FA3D30AE-D4F1-443F-9A4E-3697EB2DB710}.Release|Any CPU.Build.0 = Release|Any CPU
		{D6E256AB-A408-4B14-9A32-CE52DF2F9C3A}.Debug|Any CPU.ActiveCfg = Debug|Any CPU
		{D6E256AB-A408-4B14-9A32-CE52DF2F9C3A}.Debug|Any CPU.Build.0 = Debug|Any CPU
		{D6E256AB-A408-4B14-9A32-CE52DF2F9C3A}.Release|Any CPU.ActiveCfg = Release|Any CPU
		{D6E256AB-A408-4B14-9A32-CE52DF2F9C3A}.Release|Any CPU.Build.0 = Release|Any CPU
		{F28B6038-B6F3-42F3-9FE3-8D40D645B791}.Debug|Any CPU.ActiveCfg = Debug|Any CPU
		{F28B6038-B6F3-42F3-9FE3-8D40D645B791}.Debug|Any CPU.Build.0 = Debug|Any CPU
		{F28B6038-B6F3-42F3-9FE3-8D40D645B791}.Release|Any CPU.ActiveCfg = Release|Any CPU
		{F28B6038-B6F3-42F3-9FE3-8D40D645B791}.Release|Any CPU.Build.0 = Release|Any CPU
	EndGlobalSection
	GlobalSection(SolutionProperties) = preSolution
		HideSolutionNode = FALSE
	EndGlobalSection
EndGlobal
